schema: '2.0'
stages:
  data_ingestion:
    cmd: python src/deepClassifier/pipeline/stg_01_data_ingestion.py
    deps:
    - path: configs/config.yaml
      md5: 8831db18479e29d127241844b228c1ac
      size: 827
    - path: src/deepClassifier/pipeline/stg_01_data_ingestion.py
      md5: c1b2c9479445cda969bb199337de4e1f
      size: 738
    outs:
    - path: artifacts/data_ingestion/PetImages
      md5: 3a5cf86541f22c236620ce5b952ad684.dir
      size: 848866410
      nfiles: 24998
